// !$*UTF8*$!
{
	archiveVersion = 1;
	classes = {
	};
	objectVersion = 50;
	objects = {

/* Begin PBXBuildFile section */
		043D8A52246F57D100F3634E /* AppDelegate.swift in Sources */ = {isa = PBXBuildFile; fileRef = 043D8A51246F57D100F3634E /* AppDelegate.swift */; };
		043D8A54246F57D100F3634E /* SceneDelegate.swift in Sources */ = {isa = PBXBuildFile; fileRef = 043D8A53246F57D100F3634E /* SceneDelegate.swift */; };
		043D8A56246F57D100F3634E /* ViewController.swift in Sources */ = {isa = PBXBuildFile; fileRef = 043D8A55246F57D100F3634E /* ViewController.swift */; };
		043D8A59246F57D100F3634E /* Main.storyboard in Resources */ = {isa = PBXBuildFile; fileRef = 043D8A57246F57D100F3634E /* Main.storyboard */; };
		043D8A5B246F57D300F3634E /* Assets.xcassets in Resources */ = {isa = PBXBuildFile; fileRef = 043D8A5A246F57D300F3634E /* Assets.xcassets */; };
		043D8A5E246F57D300F3634E /* LaunchScreen.storyboard in Resources */ = {isa = PBXBuildFile; fileRef = 043D8A5C246F57D300F3634E /* LaunchScreen.storyboard */; };
		044422D324715D9D007A5B9F /* DetailViewController.swift in Sources */ = {isa = PBXBuildFile; fileRef = 044422D224715D9D007A5B9F /* DetailViewController.swift */; };
		044422D524715E22007A5B9F /* AcademiesViewController.swift in Sources */ = {isa = PBXBuildFile; fileRef = 044422D424715E22007A5B9F /* AcademiesViewController.swift */; };
		044422D724715E37007A5B9F /* ChallengesViewController.swift in Sources */ = {isa = PBXBuildFile; fileRef = 044422D624715E37007A5B9F /* ChallengesViewController.swift */; };
		044422D924715E46007A5B9F /* ProfileViewController.swift in Sources */ = {isa = PBXBuildFile; fileRef = 044422D824715E46007A5B9F /* ProfileViewController.swift */; };
/* End PBXBuildFile section */

/* Begin PBXFileReference section */
		043D8A4E246F57D100F3634E /* DicodingAppsFikri.app */ = {isa = PBXFileReference; explicitFileType = wrapper.application; includeInIndex = 0; path = DicodingAppsFikri.app; sourceTree = BUILT_PRODUCTS_DIR; };
		043D8A51246F57D100F3634E /* AppDelegate.swift */ = {isa = PBXFileReference; lastKnownFileType = sourcecode.swift; path = AppDelegate.swift; sourceTree = "<group>"; };
		043D8A53246F57D100F3634E /* SceneDelegate.swift */ = {isa = PBXFileReference; lastKnownFileType = sourcecode.swift; path = SceneDelegate.swift; sourceTree = "<group>"; };
		043D8A55246F57D100F3634E /* ViewController.swift */ = {isa = PBXFileReference; lastKnownFileType = sourcecode.swift; path = ViewController.swift; sourceTree = "<group>"; };
		043D8A58246F57D100F3634E /* Base */ = {isa = PBXFileReference; lastKnownFileType = file.storyboard; name = Base; path = Base.lproj/Main.storyboard; sourceTree = "<group>"; };
		043D8A5A246F57D300F3634E /* Assets.xcassets */ = {isa = PBXFileReference; lastKnownFileType = folder.assetcatalog; path = Assets.xcassets; sourceTree = "<group>"; };
		043D8A5D246F57D300F3634E /* Base */ = {isa = PBXFileReference; lastKnownFileType = file.storyboard; name = Base; path = Base.lproj/LaunchScreen.storyboard; sourceTree = "<group>"; };
		043D8A5F246F57D300F3634E /* Info.plist */ = {isa = PBXFileReference; lastKnownFileType = text.plist.xml; path = Info.plist; sourceTree = "<group>"; };
		044422D224715D9D007A5B9F /* DetailViewController.swift */ = {isa = PBXFileReference; lastKnownFileType = sourcecode.swift; path = DetailViewController.swift; sourceTree = "<group>"; };
		044422D424715E22007A5B9F /* AcademiesViewController.swift */ = {isa = PBXFileReference; lastKnownFileType = sourcecode.swift; path = AcademiesViewController.swift; sourceTree = "<group>"; };
		044422D624715E37007A5B9F /* ChallengesViewController.swift */ = {isa = PBXFileReference; lastKnownFileType = sourcecode.swift; path = ChallengesViewController.swift; sourceTree = "<group>"; };
		044422D824715E46007A5B9F /* ProfileViewController.swift */ = {isa = PBXFileReference; lastKnownFileType = sourcecode.swift; path = ProfileViewController.swift; sourceTree = "<group>"; };
/* End PBXFileReference section */

/* Begin PBXFrameworksBuildPhase section */
		043D8A4B246F57D100F3634E /* Frameworks */ = {
			isa = PBXFrameworksBuildPhase;
			buildActionMask = 2147483647;
			files = (
			);
			runOnlyForDeploymentPostprocessing = 0;
		};
/* End PBXFrameworksBuildPhase section */

/* Begin PBXGroup section */
		043D8A45246F57D100F3634E = {
			isa = PBXGroup;
			children = (
				043D8A50246F57D100F3634E /* DicodingAppsFikri */,
				043D8A4F246F57D100F3634E /* Products */,
			);
			sourceTree = "<group>";
		};
		043D8A4F246F57D100F3634E /* Products */ = {
			isa = PBXGroup;
			children = (
				043D8A4E246F57D100F3634E /* DicodingAppsFikri.app */,
			);
			name = Products;
			sourceTree = "<group>";
		};
		043D8A50246F57D100F3634E /* DicodingAppsFikri */ = {
			isa = PBXGroup;
			children = (
				043D8A51246F57D100F3634E /* AppDelegate.swift */,
				043D8A53246F57D100F3634E /* SceneDelegate.swift */,
				043D8A55246F57D100F3634E /* ViewController.swift */,
				043D8A57246F57D100F3634E /* Main.storyboard */,
				044422D424715E22007A5B9F /* AcademiesViewController.swift */,
				044422D624715E37007A5B9F /* ChallengesViewController.swift */,
				044422D824715E46007A5B9F /* ProfileViewController.swift */,
				044422D224715D9D007A5B9F /* DetailViewController.swift */,
				043D8A5A246F57D300F3634E /* Assets.xcassets */,
				043D8A5C246F57D300F3634E /* LaunchScreen.storyboard */,
				043D8A5F246F57D300F3634E /* Info.plist */,
			);
			path = DicodingAppsFikri;
			sourceTree = "<group>";
		};
/* End PBXGroup section */

/* Begin PBXNativeTarget section */
		043D8A4D246F57D100F3634E /* DicodingAppsFikri */ = {
			isa = PBXNativeTarget;
			buildConfigurationList = 043D8A62246F57D300F3634E /* Build configuration list for PBXNativeTarget "DicodingAppsFikri" */;
			buildPhases = (
				043D8A4A246F57D100F3634E /* Sources */,
				043D8A4B246F57D100F3634E /* Frameworks */,
				043D8A4C246F57D100F3634E /* Resources */,
			);
			buildRules = (
			);
			dependencies = (
			);
			name = DicodingAppsFikri;
			productName = DicodingAppsFikri;
			productReference = 043D8A4E246F57D100F3634E /* DicodingAppsFikri.app */;
			productType = "com.apple.product-type.application";
		};
/* End PBXNativeTarget section */

/* Begin PBXProject section */
		043D8A46246F57D100F3634E /* Project object */ = {
			isa = PBXProject;
			attributes = {
				LastSwiftUpdateCheck = 1140;
				LastUpgradeCheck = 1140;
				ORGANIZATIONNAME = "Dicoding Indonesia";
				TargetAttributes = {
					043D8A4D246F57D100F3634E = {
						CreatedOnToolsVersion = 11.4.1;
					};
				};
			};
			buildConfigurationList = 043D8A49246F57D100F3634E /* Build configuration list for PBXProject "DicodingAppsFikri" */;
			compatibilityVersion = "Xcode 9.3";
			developmentRegion = en;
			hasScannedForEncodings = 0;
			knownRegions = (
				en,
				Base,
			);
			mainGroup = 043D8A45246F57D100F3634E;
			productRefGroup = 043D8A4F246F57D100F3634E /* Products */;
			projectDirPath = "";
			projectRoot = "";
			targets = (
				043D8A4D246F57D100F3634E /* DicodingAppsFikri */,
			);
		};
/* End PBXProject section */

/* Begin PBXResourcesBuildPhase section */
		043D8A4C246F57D100F3634E /* Resources */ = {
			isa = PBXResourcesBuildPhase;
			buildActionMask = 2147483647;
			files = (
				043D8A5E246F57D300F3634E /* LaunchScreen.storyboard in Resources */,
				043D8A5B246F57D300F3634E /* Assets.xcassets in Resources */,
				043D8A59246F57D100F3634E /* Main.storyboard in Resources */,
			);
			runOnlyForDeploymentPostprocessing = 0;
		};
/* End PBXResourcesBuildPhase section */

/* Begin PBXSourcesBuildPhase section */
		043D8A4A246F57D100F3634E /* Sources */ = {
			isa = PBXSourcesBuildPhase;
			buildActionMask = 2147483647;
			files = (
				043D8A56246F57D100F3634E /* ViewController.swift in Sources */,
				043D8A52246F57D100F3634E /* AppDelegate.swift in Sources */,
				044422D524715E22007A5B9F /* AcademiesViewController.swift in Sources */,
				043D8A54246F57D100F3634E /* SceneDelegate.swift in Sources */,
				044422D924715E46007A5B9F /* ProfileViewController.swift in Sources */,
				044422D724715E37007A5B9F /* ChallengesViewController.swift in Sources */,
				044422D324715D9D007A5B9F /* DetailViewController.swift in Sources */,
			);
			runOnlyForDeploymentPostprocessing = 0;
		};
/* End PBXSourcesBuildPhase section */

/* Begin PBXVariantGroup section */
		043D8A57246F57D100F3634E /* Main.storyboard */ = {
			isa = PBXVariantGroup;
			children = (
				043D8A58246F57D100F3634E /* Base */,
			);
			name = Main.storyboard;
			sourceTree = "<group>";
		};
		043D8A5C246F57D300F3634E /* LaunchScreen.storyboard */ = {
			isa = PBXVariantGroup;
			children = (
				043D8A5D246F57D300F3634E /* Base */,
			);
			name = LaunchScreen.storyboard;
			sourceTree = "<group>";
		};
/* End PBXVariantGroup section */

/* Begin XCBuildConfiguration section */
		043D8A60246F57D300F3634E /* Debug */ = {
			isa = XCBuildConfiguration;
			buildSettings = {
				ALWAYS_SEARCH_USER_PATHS = NO;
				CLANG_ANALYZER_NONNULL = YES;
				CLANG_ANALYZER_NUMBER_OBJECT_CONVERSION = YES_AGGRESSIVE;
				CLANG_CXX_LANGUAGE_STANDARD = "gnu++14";
				CLANG_CXX_LIBRARY = "libc++";
				CLANG_ENABLE_MODULES = YES;
				CLANG_ENABLE_OBJC_ARC = YES;
				CLANG_ENABLE_OBJC_WEAK = YES;
				CLANG_WARN_BLOCK_CAPTURE_AUTORELEASING = YES;
				CLANG_WARN_BOOL_CONVERSION = YES;
				CLANG_WARN_COMMA = YES;
				CLANG_WARN_CONSTANT_CONVERSION = YES;
				CLANG_WARN_DEPRECATED_OBJC_IMPLEMENTATIONS = YES;
				CLANG_WARN_DIRECT_OBJC_ISA_USAGE = YES_ERROR;
				CLANG_WARN_DOCUMENTATION_COMMENTS = YES;
				CLANG_WARN_EMPTY_BODY = YES;
				CLANG_WARN_ENUM_CONVERSION = YES;
				CLANG_WARN_INFINITE_RECURSION = YES;
				CLANG_WARN_INT_CONVERSION = YES;
				CLANG_WARN_NON_LITERAL_NULL_CONVERSION = YES;
				CLANG_WARN_OBJC_IMPLICIT_RETAIN_SELF = YES;
				CLANG_WARN_OBJC_LITERAL_CONVERSION = YES;
				CLANG_WARN_OBJC_ROOT_CLASS = YES_ERROR;
				CLANG_WARN_RANGE_LOOP_ANALYSIS = YES;
				CLANG_WARN_STRICT_PROTOTYPES = YES;
				CLANG_WARN_SUSPICIOUS_MOVE = YES;
				CLANG_WARN_UNGUARDED_AVAILABILITY = YES_AGGRESSIVE;
				CLANG_WARN_UNREACHABLE_CODE = YES;
				CLANG_WARN__DUPLICATE_METHOD_MATCH = YES;
				COPY_PHASE_STRIP = NO;
				DEBUG_INFORMATION_FORMAT = dwarf;
				ENABLE_STRICT_OBJC_MSGSEND = YES;
				ENABLE_TESTABILITY = YES;
				GCC_C_LANGUAGE_STANDARD = gnu11;
				GCC_DYNAMIC_NO_PIC = NO;
				GCC_NO_COMMON_BLOCKS = YES;
				GCC_OPTIMIZATION_LEVEL = 0;
				GCC_PREPROCESSOR_DEFINITIONS = (
					"DEBUG=1",
					"$(inherited)",
				);
				GCC_WARN_64_TO_32_BIT_CONVERSION = YES;
				GCC_WARN_ABOUT_RETURN_TYPE = YES_ERROR;
				GCC_WARN_UNDECLARED_SELECTOR = YES;
				GCC_WARN_UNINITIALIZED_AUTOS = YES_AGGRESSIVE;
				GCC_WARN_UNUSED_FUNCTION = YES;
				GCC_WARN_UNUSED_VARIABLE = YES;
				IPHONEOS_DEPLOYMENT_TARGET = 13.4;
				MTL_ENABLE_DEBUG_INFO = INCLUDE_SOURCE;
				MTL_FAST_MATH = YES;
				ONLY_ACTIVE_ARCH = YES;
				SDKROOT = iphoneos;
				SWIFT_ACTIVE_COMPILATION_CONDITIONS = DEBUG;
				SWIFT_OPTIMIZATION_LEVEL = "-Onone";
			};
			name = Debug;
		};
		043D8A61246F57D300F3634E /* Release */ = {
			isa = XCBuildConfiguration;
			buildSettings = {
				ALWAYS_SEARCH_USER_PATHS = NO;
				CLANG_ANALYZER_NONNULL = YES;
				CLANG_ANALYZER_NUMBER_OBJECT_CONVERSION = YES_AGGRESSIVE;
				CLANG_CXX_LANGUAGE_STANDARD = "gnu++14";
				CLANG_CXX_LIBRARY = "libc++";
				CLANG_ENABLE_MODULES = YES;
				CLANG_ENABLE_OBJC_ARC = YES;
				CLANG_ENABLE_OBJC_WEAK = YES;
				CLANG_WARN_BLOCK_CAPTURE_AUTORELEASING = YES;
				CLANG_WARN_BOOL_CONVERSION = YES;
				CLANG_WARN_COMMA = YES;
				CLANG_WARN_CONSTANT_CONVERSION = YES;
				CLANG_WARN_DEPRECATED_OBJC_IMPLEMENTATIONS = YES;
				CLANG_WARN_DIRECT_OBJC_ISA_USAGE = YES_ERROR;
				CLANG_WARN_DOCUMENTATION_COMMENTS = YES;
				CLANG_WARN_EMPTY_BODY = YES;
				CLANG_WARN_ENUM_CONVERSION = YES;
				CLANG_WARN_INFINITE_RECURSION = YES;
				CLANG_WARN_INT_CONVERSION = YES;
				CLANG_WARN_NON_LITERAL_NULL_CONVERSION = YES;
				CLANG_WARN_OBJC_IMPLICIT_RETAIN_SELF = YES;
				CLANG_WARN_OBJC_LITERAL_CONVERSION = YES;
				CLANG_WARN_OBJC_ROOT_CLASS = YES_ERROR;
				CLANG_WARN_RANGE_LOOP_ANALYSIS = YES;
				CLANG_WARN_STRICT_PROTOTYPES = YES;
				CLANG_WARN_SUSPICIOUS_MOVE = YES;
				CLANG_WARN_UNGUARDED_AVAILABILITY = YES_AGGRESSIVE;
				CLANG_WARN_UNREACHABLE_CODE = YES;
				CLANG_WARN__DUPLICATE_METHOD_MATCH = YES;
				COPY_PHASE_STRIP = NO;
				DEBUG_INFORMATION_FORMAT = "dwarf-with-dsym";
				ENABLE_NS_ASSERTIONS = NO;
				ENABLE_STRICT_OBJC_MSGSEND = YES;
				GCC_C_LANGUAGE_STANDARD = gnu11;
				GCC_NO_COMMON_BLOCKS = YES;
				GCC_WARN_64_TO_32_BIT_CONVERSION = YES;
				GCC_WARN_ABOUT_RETURN_TYPE = YES_ERROR;
				GCC_WARN_UNDECLARED_SELECTOR = YES;
				GCC_WARN_UNINITIALIZED_AUTOS = YES_AGGRESSIVE;
				GCC_WARN_UNUSED_FUNCTION = YES;
				GCC_WARN_UNUSED_VARIABLE = YES;
				IPHONEOS_DEPLOYMENT_TARGET = 13.4;
				MTL_ENABLE_DEBUG_INFO = NO;
				MTL_FAST_MATH = YES;
				SDKROOT = iphoneos;
				SWIFT_COMPILATION_MODE = wholemodule;
				SWIFT_OPTIMIZATION_LEVEL = "-O";
				VALIDATE_PRODUCT = YES;
			};
			name = Release;
		};
		043D8A63246F57D300F3634E /* Debug */ = {
			isa = XCBuildConfiguration;
			buildSettings = {
				ASSETCATALOG_COMPILER_APPICON_NAME = AppIcon;
				CODE_SIGN_STYLE = Automatic;
				DEVELOPMENT_TEAM = 8G73BH94RR;
				INFOPLIST_FILE = DicodingAppsFikri/Info.plist;
				LD_RUNPATH_SEARCH_PATHS = (
					"$(inherited)",
					"@executable_path/Frameworks",
				);
				PRODUCT_BUNDLE_IDENTIFIER = com.dicoding.academy.DicodingAppsFikri;
				PRODUCT_NAME = "$(TARGET_NAME)";
				SWIFT_VERSION = 5.0;
				TARGETED_DEVICE_FAMILY = "1,2";
			};
			name = Debug;
		};
		043D8A64246F57D300F3634E /* Release */ = {
			isa = XCBuildConfiguration;
			buildSettings = {
				ASSETCATALOG_COMPILER_APPICON_NAME = AppIcon;
				CODE_SIGN_STYLE = Automatic;
				DEVELOPMENT_TEAM = 8G73BH94RR;
				INFOPLIST_FILE = DicodingAppsFikri/Info.plist;
				LD_RUNPATH_SEARCH_PATHS = (
					"$(inherited)",
					"@executable_path/Frameworks",
				);
				PRODUCT_BUNDLE_IDENTIFIER = com.dicoding.academy.DicodingAppsFikri;
				PRODUCT_NAME = "$(TARGET_NAME)";
				SWIFT_VERSION = 5.0;
				TARGETED_DEVICE_FAMILY = "1,2";
			};
			name = Release;
		};
/* End XCBuildConfiguration section */

/* Begin XCConfigurationList section */
		043D8A49246F57D100F3634E /* Build configuration list for PBXProject "DicodingAppsFikri" */ = {
			isa = XCConfigurationList;
			buildConfigurations = (
				043D8A60246F57D300F3634E /* Debug */,
				043D8A61246F57D300F3634E /* Release */,
			);
			defaultConfigurationIsVisible = 0;
			defaultConfigurationName = Release;
		};
		043D8A62246F57D300F3634E /* Build configuration list for PBXNativeTarget "DicodingAppsFikri" */ = {
			isa = XCConfigurationList;
			buildConfigurations = (
				043D8A63246F57D300F3634E /* Debug */,
				043D8A64246F57D300F3634E /* Release */,
			);
			defaultConfigurationIsVisible = 0;
			defaultConfigurationName = Release;
		};
/* End XCConfigurationList section */
	};
	rootObject = 043D8A46246F57D100F3634E /* Project object */;
}
